
Microsoft Visual Studio Solution File, Format Version 12.00
# Visual Studio Version 16
VisualStudioVersion = 16.0.33529.622
MinimumVisualStudioVersion = 10.0.40219.1
Project("{FAE04EC0-301F-11D3-BF4B-00C04F79EFBC}") = "MVC做不来的作业", "MVC做不来的作业\MVC做不来的作业.csproj", "{F563D84E-6B06-4BD8-9510-808C21541298}"
EndProject
Global
	GlobalSection(SolutionConfigurationPlatforms) = preSolution
		Debug|Any CPU = Debug|Any CPU
		Release|Any CPU = Release|Any CPU
	EndGlobalSection
	GlobalSection(ProjectConfigurationPlatforms) = postSolution
		{F563D84E-6B06-4BD8-9510-808C21541298}.Debug|Any CPU.ActiveCfg = Debug|Any CPU
		{F563D84E-6B06-4BD8-9510-808C21541298}.Debug|Any CPU.Build.0 = Debug|Any CPU
		{F563D84E-6B06-4BD8-9510-808C21541298}.Release|Any CPU.ActiveCfg = Release|Any CPU
		{F563D84E-6B06-4BD8-9510-808C21541298}.Release|Any CPU.Build.0 = Release|Any CPU
	EndGlobalSection
	GlobalSection(SolutionProperties) = preSolution
		HideSolutionNode = FALSE
	EndGlobalSection
	GlobalSection(ExtensibilityGlobals) = postSolution
		SolutionGuid = {D9EC0F4C-60BB-4619-9C29-9FE2F73D3AA1}
	EndGlobalSection
EndGlobal
